
Microsoft Visual Studio Solution File, Format Version 12.00
# Visual Studio 15
VisualStudioVersion = 15.0.27004.2008
MinimumVisualStudioVersion = 10.0.40219.1
Project("{FAE04EC0-301F-11D3-BF4B-00C04F79EFBC}") = "CreatingPdf", "CreatingPdf\CreatingPdf.csproj", "{0BAE67E1-8720-4D68-923D-4ED96FBF4383}"
EndProject
Global
	GlobalSection(SolutionConfigurationPlatforms) = preSolution
		Debug|Any CPU = Debug|Any CPU
		Release|Any CPU = Release|Any CPU
	EndGlobalSection
	GlobalSection(ProjectConfigurationPlatforms) = postSolution
		{0BAE67E1-8720-4D68-923D-4ED96FBF4383}.Debug|Any CPU.ActiveCfg = Debug|Any CPU
		{0BAE67E1-8720-4D68-923D-4ED96FBF4383}.Debug|Any CPU.Build.0 = Debug|Any CPU
		{0BAE67E1-8720-4D68-923D-4ED96FBF4383}.Release|Any CPU.ActiveCfg = Release|Any CPU
		{0BAE67E1-8720-4D68-923D-4ED96FBF4383}.Release|Any CPU.Build.0 = Release|Any CPU
	EndGlobalSection
	GlobalSection(SolutionProperties) = preSolution
		HideSolutionNode = FALSE
	EndGlobalSection
	GlobalSection(ExtensibilityGlobals) = postSolution
		SolutionGuid = {7A9CE903-EF6F-4BAD-A7ED-E110E7495407}
	EndGlobalSection
EndGlobal
